
Microsoft Visual Studio Solution File, Format Version 12.00
# Visual Studio Version 17
VisualStudioVersion = 17.2.32616.157
MinimumVisualStudioVersion = 10.0.40219.1
Project("{FAE04EC0-301F-11D3-BF4B-00C04F79EFBC}") = "BulkyBookWeb", "BulkyBookWeb\BulkyBookWeb.csproj", "{45FBA4C0-9F0C-4148-A349-0B6057221C83}"
EndProject
Global
	GlobalSection(SolutionConfigurationPlatforms) = preSolution
		Debug|Any CPU = Debug|Any CPU
		Release|Any CPU = Release|Any CPU
	EndGlobalSection
	GlobalSection(ProjectConfigurationPlatforms) = postSolution
		{45FBA4C0-9F0C-4148-A349-0B6057221C83}.Debug|Any CPU.ActiveCfg = Debug|Any CPU
		{45FBA4C0-9F0C-4148-A349-0B6057221C83}.Debug|Any CPU.Build.0 = Debug|Any CPU
		{45FBA4C0-9F0C-4148-A349-0B6057221C83}.Release|Any CPU.ActiveCfg = Release|Any CPU
		{45FBA4C0-9F0C-4148-A349-0B6057221C83}.Release|Any CPU.Build.0 = Release|Any CPU
	EndGlobalSection
	GlobalSection(SolutionProperties) = preSolution
		HideSolutionNode = FALSE
	EndGlobalSection
	GlobalSection(ExtensibilityGlobals) = postSolution
		SolutionGuid = {9FE6E798-D6B5-4A24-A59B-E6B8958CA7C3}
	EndGlobalSection
EndGlobal
